
Microsoft Visual Studio Solution File, Format Version 12.00
Project("{FAE04EC0-301F-11D3-BF4B-00C04F79EFBC}") = "Mantas.PetShop.UI", "Mantas.PetShop.UI\Mantas.PetShop.UI.csproj", "{AB4514CF-062C-4648-8919-405D7174A923}"
EndProject
Project("{FAE04EC0-301F-11D3-BF4B-00C04F79EFBC}") = "Mantas.PetShop.Core", "Mantas.PetShop.Core\Mantas.PetShop.Core.csproj", "{51FB8819-0146-4D33-BF42-67763FCA0B94}"
EndProject
Project("{2150E333-8FDC-42A3-9474-1A3956D46DE8}") = "Core", "Core", "{AA9840A6-6DE0-46B0-86A6-6C2B39C8561F}"
EndProject
Project("{FAE04EC0-301F-11D3-BF4B-00C04F79EFBC}") = "Mantas.PetShop.Domain", "Mantas.PetShop.Domain\Mantas.PetShop.Domain.csproj", "{9247684F-4E88-4D66-9015-79AC90CC3BDA}"
EndProject
Project("{FAE04EC0-301F-11D3-BF4B-00C04F79EFBC}") = "Mantas.PetShop.Infrastructure.DataAccess", "Mantas.PetShop.Infrastructure.DataAccess\Mantas.PetShop.Infrastructure.DataAccess.csproj", "{0026E9A9-4431-467D-8CCB-EBFBCBC5147D}"
EndProject
Project("{2150E333-8FDC-42A3-9474-1A3956D46DE8}") = "Infrastructure", "Infrastructure", "{9E49F567-42D8-4335-B4D6-4C64091E1961}"
EndProject
Project("{2150E333-8FDC-42A3-9474-1A3956D46DE8}") = "UI", "UI", "{339C9FE6-155D-4F43-A3DB-BD6B1184CA3A}"
EndProject
Project("{FAE04EC0-301F-11D3-BF4B-00C04F79EFBC}") = "Mantas.PetShop.WebAPI", "Mantas.PetShop.WebAPI\Mantas.PetShop.WebAPI.csproj", "{96792DE8-2BB0-4638-84C1-487784912B32}"
EndProject
Project("{FAE04EC0-301F-11D3-BF4B-00C04F79EFBC}") = "Mantas.PetShop.Sql", "Mantas.PetShop.Sql\Mantas.PetShop.Sql.csproj", "{7E8AF327-EE20-48FB-925C-932F70BBB420}"
EndProject
Global
	GlobalSection(SolutionConfigurationPlatforms) = preSolution
		Debug|Any CPU = Debug|Any CPU
		Release|Any CPU = Release|Any CPU
	EndGlobalSection
	GlobalSection(ProjectConfigurationPlatforms) = postSolution
		{AB4514CF-062C-4648-8919-405D7174A923}.Debug|Any CPU.ActiveCfg = Debug|Any CPU
		{AB4514CF-062C-4648-8919-405D7174A923}.Debug|Any CPU.Build.0 = Debug|Any CPU
		{AB4514CF-062C-4648-8919-405D7174A923}.Release|Any CPU.ActiveCfg = Release|Any CPU
		{AB4514CF-062C-4648-8919-405D7174A923}.Release|Any CPU.Build.0 = Release|Any CPU
		{51FB8819-0146-4D33-BF42-67763FCA0B94}.Debug|Any CPU.ActiveCfg = Debug|Any CPU
		{51FB8819-0146-4D33-BF42-67763FCA0B94}.Debug|Any CPU.Build.0 = Debug|Any CPU
		{51FB8819-0146-4D33-BF42-67763FCA0B94}.Release|Any CPU.ActiveCfg = Release|Any CPU
		{51FB8819-0146-4D33-BF42-67763FCA0B94}.Release|Any CPU.Build.0 = Release|Any CPU
		{9247684F-4E88-4D66-9015-79AC90CC3BDA}.Debug|Any CPU.ActiveCfg = Debug|Any CPU
		{9247684F-4E88-4D66-9015-79AC90CC3BDA}.Debug|Any CPU.Build.0 = Debug|Any CPU
		{9247684F-4E88-4D66-9015-79AC90CC3BDA}.Release|Any CPU.ActiveCfg = Release|Any CPU
		{9247684F-4E88-4D66-9015-79AC90CC3BDA}.Release|Any CPU.Build.0 = Release|Any CPU
		{0026E9A9-4431-467D-8CCB-EBFBCBC5147D}.Debug|Any CPU.ActiveCfg = Debug|Any CPU
		{0026E9A9-4431-467D-8CCB-EBFBCBC5147D}.Debug|Any CPU.Build.0 = Debug|Any CPU
		{0026E9A9-4431-467D-8CCB-EBFBCBC5147D}.Release|Any CPU.ActiveCfg = Release|Any CPU
		{0026E9A9-4431-467D-8CCB-EBFBCBC5147D}.Release|Any CPU.Build.0 = Release|Any CPU
		{96792DE8-2BB0-4638-84C1-487784912B32}.Debug|Any CPU.ActiveCfg = Debug|Any CPU
		{96792DE8-2BB0-4638-84C1-487784912B32}.Debug|Any CPU.Build.0 = Debug|Any CPU
		{96792DE8-2BB0-4638-84C1-487784912B32}.Release|Any CPU.ActiveCfg = Release|Any CPU
		{96792DE8-2BB0-4638-84C1-487784912B32}.Release|Any CPU.Build.0 = Release|Any CPU
		{7E8AF327-EE20-48FB-925C-932F70BBB420}.Debug|Any CPU.ActiveCfg = Debug|Any CPU
		{7E8AF327-EE20-48FB-925C-932F70BBB420}.Debug|Any CPU.Build.0 = Debug|Any CPU
		{7E8AF327-EE20-48FB-925C-932F70BBB420}.Release|Any CPU.ActiveCfg = Release|Any CPU
		{7E8AF327-EE20-48FB-925C-932F70BBB420}.Release|Any CPU.Build.0 = Release|Any CPU
	EndGlobalSection
	GlobalSection(NestedProjects) = preSolution
		{51FB8819-0146-4D33-BF42-67763FCA0B94} = {AA9840A6-6DE0-46B0-86A6-6C2B39C8561F}
		{9247684F-4E88-4D66-9015-79AC90CC3BDA} = {AA9840A6-6DE0-46B0-86A6-6C2B39C8561F}
		{0026E9A9-4431-467D-8CCB-EBFBCBC5147D} = {9E49F567-42D8-4335-B4D6-4C64091E1961}
		{AB4514CF-062C-4648-8919-405D7174A923} = {339C9FE6-155D-4F43-A3DB-BD6B1184CA3A}
		{96792DE8-2BB0-4638-84C1-487784912B32} = {339C9FE6-155D-4F43-A3DB-BD6B1184CA3A}
		{7E8AF327-EE20-48FB-925C-932F70BBB420} = {9E49F567-42D8-4335-B4D6-4C64091E1961}
	EndGlobalSection
EndGlobal
